
Microsoft Visual Studio Solution File, Format Version 12.00
# Visual Studio Version 17
VisualStudioVersion = 17.3.32611.2
MinimumVisualStudioVersion = 10.0.40219.1
Project("{FAE04EC0-301F-11D3-BF4B-00C04F79EFBC}") = "RedisApiDemo.Api", "RedisApiDemo\RedisApiDemo.Api.csproj", "{960BA296-9445-464F-B1A0-E269714DD395}"
EndProject
Project("{FAE04EC0-301F-11D3-BF4B-00C04F79EFBC}") = "RedisApiDemo.Domain", "RedisApiDemo.Domain\RedisApiDemo.Domain.csproj", "{ADC37AA3-60F7-4DB5-B054-96169908939E}"
EndProject
Project("{00D1A9C2-B5F0-4AF3-8072-F6C62B433612}") = "RedisApiDemo.SQL", "RedisApiDemo.SQL\RedisApiDemo.SQL.sqlproj", "{371FEA65-4147-4D41-910A-C7C00DC22046}"
EndProject
Global
	GlobalSection(SolutionConfigurationPlatforms) = preSolution
		Debug|Any CPU = Debug|Any CPU
		Release|Any CPU = Release|Any CPU
	EndGlobalSection
	GlobalSection(ProjectConfigurationPlatforms) = postSolution
		{960BA296-9445-464F-B1A0-E269714DD395}.Debug|Any CPU.ActiveCfg = Debug|Any CPU
		{960BA296-9445-464F-B1A0-E269714DD395}.Debug|Any CPU.Build.0 = Debug|Any CPU
		{960BA296-9445-464F-B1A0-E269714DD395}.Release|Any CPU.ActiveCfg = Release|Any CPU
		{960BA296-9445-464F-B1A0-E269714DD395}.Release|Any CPU.Build.0 = Release|Any CPU
		{ADC37AA3-60F7-4DB5-B054-96169908939E}.Debug|Any CPU.ActiveCfg = Debug|Any CPU
		{ADC37AA3-60F7-4DB5-B054-96169908939E}.Debug|Any CPU.Build.0 = Debug|Any CPU
		{ADC37AA3-60F7-4DB5-B054-96169908939E}.Release|Any CPU.ActiveCfg = Release|Any CPU
		{ADC37AA3-60F7-4DB5-B054-96169908939E}.Release|Any CPU.Build.0 = Release|Any CPU
		{371FEA65-4147-4D41-910A-C7C00DC22046}.Debug|Any CPU.ActiveCfg = Debug|Any CPU
		{371FEA65-4147-4D41-910A-C7C00DC22046}.Debug|Any CPU.Build.0 = Debug|Any CPU
		{371FEA65-4147-4D41-910A-C7C00DC22046}.Debug|Any CPU.Deploy.0 = Debug|Any CPU
		{371FEA65-4147-4D41-910A-C7C00DC22046}.Release|Any CPU.ActiveCfg = Release|Any CPU
		{371FEA65-4147-4D41-910A-C7C00DC22046}.Release|Any CPU.Build.0 = Release|Any CPU
		{371FEA65-4147-4D41-910A-C7C00DC22046}.Release|Any CPU.Deploy.0 = Release|Any CPU
	EndGlobalSection
	GlobalSection(SolutionProperties) = preSolution
		HideSolutionNode = FALSE
	EndGlobalSection
	GlobalSection(ExtensibilityGlobals) = postSolution
		SolutionGuid = {647AABEA-F7C3-496A-9A1B-103BE4679C47}
	EndGlobalSection
EndGlobal
